Microsoft Visual Studio Solution File, Format Version 9.00
# Visual C++ Express 2005
Project("{8BC9CEB8-8B4A-11D0-8D11-00A0C91BC942}") = "CAENqtpDemo", "src\CAENqtpDemo.vcproj", "{44B2A312-43AA-40BA-9F79-6CE7DA2CDFBF}"
EndProject
Global
	GlobalSection(SolutionConfigurationPlatforms) = preSolution
		Debug|Win32 = Debug|Win32
		Release|Win32 = Release|Win32
	EndGlobalSection
	GlobalSection(ProjectConfigurationPlatforms) = postSolution
		{44B2A312-43AA-40BA-9F79-6CE7DA2CDFBF}.Debug|Win32.ActiveCfg = Debug|Win32
		{44B2A312-43AA-40BA-9F79-6CE7DA2CDFBF}.Debug|Win32.Build.0 = Debug|Win32
		{44B2A312-43AA-40BA-9F79-6CE7DA2CDFBF}.Release|Win32.ActiveCfg = Release|Win32
		{44B2A312-43AA-40BA-9F79-6CE7DA2CDFBF}.Release|Win32.Build.0 = Release|Win32
	EndGlobalSection
	GlobalSection(SolutionProperties) = preSolution
		HideSolutionNode = FALSE
	EndGlobalSection
EndGlobal
